
Microsoft Visual Studio Solution File, Format Version 12.00
# Visual Studio 14
VisualStudioVersion = 14.0.25123.0
MinimumVisualStudioVersion = 10.0.40219.1
Project("{FAE04EC0-301F-11D3-BF4B-00C04F79EFBC}") = "HexHelper.WinDesktop", "HexHelper.WinDesktop\HexHelper.WinDesktop.csproj", "{39B4A6BB-9DB8-4B32-9E2C-C033F6A32D35}"
EndProject
Project("{FAE04EC0-301F-11D3-BF4B-00C04F79EFBC}") = "HexHelper.Hex", "HexHelper.Hex\HexHelper.Hex.csproj", "{5F61AD0C-F121-4DA5-A385-8BA2F4FAB50E}"
EndProject
Project("{FAE04EC0-301F-11D3-BF4B-00C04F79EFBC}") = "HexHelper.JsonApi", "HexHelper.JsonApi\HexHelper.JsonApi.csproj", "{A94FC616-2AB3-444A-B034-D7FDE6AAF4F9}"
EndProject
Project("{2150E333-8FDC-42A3-9474-1A3956D46DE8}") = ".build", ".build", "{5B3BC727-3A69-4151-8B12-6E6A484BB467}"
	ProjectSection(SolutionItems) = preProject
		Build.proj = Build.proj
		.build\MSBuild.Community.Tasks.dll = .build\MSBuild.Community.Tasks.dll
		.build\MSBuild.Community.Tasks.targets = .build\MSBuild.Community.Tasks.targets
	EndProjectSection
EndProject
Global
	GlobalSection(SolutionConfigurationPlatforms) = preSolution
		Debug|Any CPU = Debug|Any CPU
		Release|Any CPU = Release|Any CPU
	EndGlobalSection
	GlobalSection(ProjectConfigurationPlatforms) = postSolution
		{39B4A6BB-9DB8-4B32-9E2C-C033F6A32D35}.Debug|Any CPU.ActiveCfg = Debug|Any CPU
		{39B4A6BB-9DB8-4B32-9E2C-C033F6A32D35}.Debug|Any CPU.Build.0 = Debug|Any CPU
		{39B4A6BB-9DB8-4B32-9E2C-C033F6A32D35}.Release|Any CPU.ActiveCfg = Release|Any CPU
		{39B4A6BB-9DB8-4B32-9E2C-C033F6A32D35}.Release|Any CPU.Build.0 = Release|Any CPU
		{5F61AD0C-F121-4DA5-A385-8BA2F4FAB50E}.Debug|Any CPU.ActiveCfg = Debug|Any CPU
		{5F61AD0C-F121-4DA5-A385-8BA2F4FAB50E}.Debug|Any CPU.Build.0 = Debug|Any CPU
		{5F61AD0C-F121-4DA5-A385-8BA2F4FAB50E}.Release|Any CPU.ActiveCfg = Release|Any CPU
		{5F61AD0C-F121-4DA5-A385-8BA2F4FAB50E}.Release|Any CPU.Build.0 = Release|Any CPU
		{A94FC616-2AB3-444A-B034-D7FDE6AAF4F9}.Debug|Any CPU.ActiveCfg = Debug|Any CPU
		{A94FC616-2AB3-444A-B034-D7FDE6AAF4F9}.Debug|Any CPU.Build.0 = Debug|Any CPU
		{A94FC616-2AB3-444A-B034-D7FDE6AAF4F9}.Release|Any CPU.ActiveCfg = Release|Any CPU
		{A94FC616-2AB3-444A-B034-D7FDE6AAF4F9}.Release|Any CPU.Build.0 = Release|Any CPU
	EndGlobalSection
	GlobalSection(SolutionProperties) = preSolution
		HideSolutionNode = FALSE
	EndGlobalSection
EndGlobal
